{
  "name": "TextToEmoji",
  "lockfileVersion": 3,
  "requires": true,
  "packages": {
    "": {
      "dependencies": {
        "translate-to-emoji": "^2.2.0"
      }
    },
    "node_modules/translate-to-emoji": {
      "version": "2.2.0",
      "resolved": "https://registry.npmjs.org/translate-to-emoji/-/translate-to-emoji-2.2.0.tgz",
      "integrity": "sha512-wToVLT2Z7kMkaSVPSEUFt9T//Pg+sR8+DT4JAeZUymgG1G3kKo2Mxt3uF2GPUHoMLt7HnDKJ9bKdJKYyu0Q4AA=="
    }
  }
}
